
Microsoft Visual Studio Solution File, Format Version 12.00
# Visual Studio Version 16
VisualStudioVersion = 16.0.30907.101
MinimumVisualStudioVersion = 10.0.40219.1
Project("{FAE04EC0-301F-11D3-BF4B-00C04F79EFBC}") = "netrans", "netrans\netrans.csproj", "{4C2DEC3E-998B-48DE-B06C-E3B037245B7F}"
EndProject
Global
	GlobalSection(SolutionConfigurationPlatforms) = preSolution
		Debug|Any CPU = Debug|Any CPU
		Release|Any CPU = Release|Any CPU
	EndGlobalSection
	GlobalSection(ProjectConfigurationPlatforms) = postSolution
		{4C2DEC3E-998B-48DE-B06C-E3B037245B7F}.Debug|Any CPU.ActiveCfg = Debug|Any CPU
		{4C2DEC3E-998B-48DE-B06C-E3B037245B7F}.Debug|Any CPU.Build.0 = Debug|Any CPU
		{4C2DEC3E-998B-48DE-B06C-E3B037245B7F}.Release|Any CPU.ActiveCfg = Release|Any CPU
		{4C2DEC3E-998B-48DE-B06C-E3B037245B7F}.Release|Any CPU.Build.0 = Release|Any CPU
	EndGlobalSection
	GlobalSection(SolutionProperties) = preSolution
		HideSolutionNode = FALSE
	EndGlobalSection
	GlobalSection(ExtensibilityGlobals) = postSolution
		SolutionGuid = {017C9B0F-AB21-46A1-A9D1-CC07C3262EB6}
	EndGlobalSection
EndGlobal
